
Microsoft Visual Studio Solution File, Format Version 12.00
# Visual Studio 15
VisualStudioVersion = 15.0.27703.2042
MinimumVisualStudioVersion = 10.0.40219.1
Project("{FAE04EC0-301F-11D3-BF4B-00C04F79EFBC}") = "ProjectEuler", "ProjectEuler\ProjectEuler.csproj", "{01A8D120-AE38-4271-8C92-4C3395C4EE28}"
EndProject
Project("{FAE04EC0-301F-11D3-BF4B-00C04F79EFBC}") = "XtendedNET", "..\XtendedNET\XtendedNET\XtendedNET.csproj", "{7521808F-0816-4C56-BFB5-93B9D88B0DBC}"
EndProject
Global
	GlobalSection(SolutionConfigurationPlatforms) = preSolution
		Debug|Any CPU = Debug|Any CPU
		Release|Any CPU = Release|Any CPU
	EndGlobalSection
	GlobalSection(ProjectConfigurationPlatforms) = postSolution
		{01A8D120-AE38-4271-8C92-4C3395C4EE28}.Debug|Any CPU.ActiveCfg = Debug|Any CPU
		{01A8D120-AE38-4271-8C92-4C3395C4EE28}.Debug|Any CPU.Build.0 = Debug|Any CPU
		{01A8D120-AE38-4271-8C92-4C3395C4EE28}.Release|Any CPU.ActiveCfg = Release|Any CPU
		{01A8D120-AE38-4271-8C92-4C3395C4EE28}.Release|Any CPU.Build.0 = Release|Any CPU
		{7521808F-0816-4C56-BFB5-93B9D88B0DBC}.Debug|Any CPU.ActiveCfg = Debug|Any CPU
		{7521808F-0816-4C56-BFB5-93B9D88B0DBC}.Debug|Any CPU.Build.0 = Debug|Any CPU
		{7521808F-0816-4C56-BFB5-93B9D88B0DBC}.Release|Any CPU.ActiveCfg = Release|Any CPU
		{7521808F-0816-4C56-BFB5-93B9D88B0DBC}.Release|Any CPU.Build.0 = Release|Any CPU
	EndGlobalSection
	GlobalSection(SolutionProperties) = preSolution
		HideSolutionNode = FALSE
	EndGlobalSection
	GlobalSection(ExtensibilityGlobals) = postSolution
		SolutionGuid = {7BFA8A3F-3E8C-4CD5-A66F-F1F794FEE52F}
	EndGlobalSection
EndGlobal
